
Microsoft Visual Studio Solution File, Format Version 12.00
# Visual Studio 14
VisualStudioVersion = 14.0.23107.0
MinimumVisualStudioVersion = 10.0.40219.1
Project("{8BC9CEB8-8B4A-11D0-8D11-00A0C91BC942}") = "2.1", "2.1\2.1.vcxproj", "{8D81AEE5-F38C-49B7-A78B-D6D0ABCCC669}"
EndProject
Project("{8BC9CEB8-8B4A-11D0-8D11-00A0C91BC942}") = "2.2", "2.2\2.2.vcxproj", "{799EC48E-7972-4A0B-AD41-AB5E1D9C0A15}"
EndProject
Project("{8BC9CEB8-8B4A-11D0-8D11-00A0C91BC942}") = "2.3", "2.3\2.3.vcxproj", "{526DBE7D-6282-40FA-BA66-C4F5928078DA}"
EndProject
Project("{8BC9CEB8-8B4A-11D0-8D11-00A0C91BC942}") = "2.4", "2.4\2.4.vcxproj", "{9E9EBC34-8F48-4E71-AA5C-B222FB9B2827}"
EndProject
Project("{8BC9CEB8-8B4A-11D0-8D11-00A0C91BC942}") = "2.5", "2.5\2.5.vcxproj", "{96ACF881-9E5E-40FB-AB74-4D6798DBEAAB}"
EndProject
Project("{8BC9CEB8-8B4A-11D0-8D11-00A0C91BC942}") = "2.6", "2.6\2.6.vcxproj", "{00C58D4F-2E76-4EB6-891B-C3A6F53ADB31}"
EndProject
Project("{8BC9CEB8-8B4A-11D0-8D11-00A0C91BC942}") = "2.7", "2.7\2.7.vcxproj", "{8CA14267-B602-4349-AC0F-51D6C298D4D6}"
EndProject
Project("{8BC9CEB8-8B4A-11D0-8D11-00A0C91BC942}") = "3.1", "3.1\3.1.vcxproj", "{91DAC0C6-A71C-43FE-8B1F-78A474E3969E}"
EndProject
Project("{8BC9CEB8-8B4A-11D0-8D11-00A0C91BC942}") = "3.2", "3.2\3.2.vcxproj", "{8151C299-2F83-4913-8A6E-561B92F1D2DC}"
EndProject
Project("{8BC9CEB8-8B4A-11D0-8D11-00A0C91BC942}") = "3.3", "3.3\3.3.vcxproj", "{A1B6F6C0-CF8D-40DD-8A30-2ABA8E5E8531}"
EndProject
Project("{8BC9CEB8-8B4A-11D0-8D11-00A0C91BC942}") = "3.4", "3.4\3.4.vcxproj", "{C50389AF-6F3C-49A1-A806-C565982F55B6}"
EndProject
Project("{8BC9CEB8-8B4A-11D0-8D11-00A0C91BC942}") = "3.5", "3.5\3.5.vcxproj", "{494BE349-E3E8-4934-A668-24D56B8AA7AA}"
EndProject
Project("{8BC9CEB8-8B4A-11D0-8D11-00A0C91BC942}") = "3.6", "3.6\3.6.vcxproj", "{6F3BAF14-E000-4704-84A8-08C618AAE226}"
EndProject
Project("{8BC9CEB8-8B4A-11D0-8D11-00A0C91BC942}") = "3.7", "3.7\3.7.vcxproj", "{863ADD7F-60DE-4AF7-A99C-7BBC12BF3F75}"
EndProject
Project("{8BC9CEB8-8B4A-11D0-8D11-00A0C91BC942}") = "4.1", "4.1\4.1.vcxproj", "{F872399A-2A8D-4E52-A470-D77F94E7F9A4}"
EndProject
Project("{8BC9CEB8-8B4A-11D0-8D11-00A0C91BC942}") = "4.2", "4.2\4.2.vcxproj", "{A89EAAFA-42B9-4D8F-B8CD-C6824B71F2BA}"
EndProject
Project("{8BC9CEB8-8B4A-11D0-8D11-00A0C91BC942}") = "4.3", "4.3\4.3.vcxproj", "{3B530B29-C66F-40ED-944A-4D158E626A1B}"
EndProject
Project("{8BC9CEB8-8B4A-11D0-8D11-00A0C91BC942}") = "4.4", "4.4\4.4.vcxproj", "{6A0B8B19-89C6-4FEC-8E08-F3796E3DAF36}"
EndProject
Project("{8BC9CEB8-8B4A-11D0-8D11-00A0C91BC942}") = "4.5", "4.5\4.5.vcxproj", "{C7ECED44-6E4F-4409-8876-E194BDD7B895}"
EndProject
Project("{8BC9CEB8-8B4A-11D0-8D11-00A0C91BC942}") = "4.6", "4.6\4.6.vcxproj", "{56C133E2-03CA-463A-8934-3D373456561C}"
EndProject
Project("{8BC9CEB8-8B4A-11D0-8D11-00A0C91BC942}") = "4.7", "4.7\4.7.vcxproj", "{D73AE00A-4F1D-4081-9170-C83393FE3C17}"
EndProject
Project("{8BC9CEB8-8B4A-11D0-8D11-00A0C91BC942}") = "4.8", "4.8\4.8.vcxproj", "{B4877A11-7AC6-426B-9F13-ADF0FCAD34DA}"
EndProject
Project("{8BC9CEB8-8B4A-11D0-8D11-00A0C91BC942}") = "4.9", "4.9\4.9.vcxproj", "{810AC41E-220E-4851-8535-A65579553A9E}"
EndProject
Project("{8BC9CEB8-8B4A-11D0-8D11-00A0C91BC942}") = "4.10", "4.10\4.10.vcxproj", "{6492A9A4-2173-4A97-ACFC-0803AD3B6126}"
EndProject
Project("{8BC9CEB8-8B4A-11D0-8D11-00A0C91BC942}") = "5.1", "5.1\5.1.vcxproj", "{8EFF1702-2F45-4D23-95DF-A75C82C4D7B6}"
EndProject
Project("{8BC9CEB8-8B4A-11D0-8D11-00A0C91BC942}") = "5.2", "5.2\5.2.vcxproj", "{73B6CE21-C3B8-4FCB-BF19-92B3590741A5}"
EndProject
Project("{8BC9CEB8-8B4A-11D0-8D11-00A0C91BC942}") = "5.3", "5.3\5.3.vcxproj", "{D717FCED-754E-426B-BE81-7B46958FA185}"
EndProject
Project("{8BC9CEB8-8B4A-11D0-8D11-00A0C91BC942}") = "5.4", "5.4\5.4.vcxproj", "{600EF809-0897-4537-9024-7D6797F312AA}"
EndProject
Project("{8BC9CEB8-8B4A-11D0-8D11-00A0C91BC942}") = "5.5", "5.5\5.5.vcxproj", "{37110A2E-641B-4775-8BB5-EA3F20D97075}"
EndProject
Project("{8BC9CEB8-8B4A-11D0-8D11-00A0C91BC942}") = "5.6", "5.6\5.6.vcxproj", "{55474DC3-78D6-439D-B534-B83D03BBB6AE}"
EndProject
Project("{8BC9CEB8-8B4A-11D0-8D11-00A0C91BC942}") = "5.7", "5.7\5.7.vcxproj", "{61AB5B24-BEE0-4C3A-8DF7-0ADC8049F8AC}"
EndProject
Project("{8BC9CEB8-8B4A-11D0-8D11-00A0C91BC942}") = "6.1", "6.1\6.1.vcxproj", "{A7FC44CF-5341-40CD-BB6F-743D9D5361BF}"
EndProject
Project("{8BC9CEB8-8B4A-11D0-8D11-00A0C91BC942}") = "6.2", "6.2\6.2.vcxproj", "{D316CADC-089E-4567-B4A4-E5C6F45EDD92}"
EndProject
Project("{8BC9CEB8-8B4A-11D0-8D11-00A0C91BC942}") = "6.3", "6.3\6.3.vcxproj", "{E919E2F5-C93B-47FB-BB4A-8C58C34F165C}"
EndProject
Project("{8BC9CEB8-8B4A-11D0-8D11-00A0C91BC942}") = "6.4", "6.4\6.4.vcxproj", "{5427A443-002D-4415-A537-BF747EB35E51}"
EndProject
Project("{8BC9CEB8-8B4A-11D0-8D11-00A0C91BC942}") = "6.5", "6.5\6.5.vcxproj", "{16FA86BD-1860-4BF3-BA6F-5DD2745A455F}"
EndProject
Project("{8BC9CEB8-8B4A-11D0-8D11-00A0C91BC942}") = "6.6", "6.6\6.6.vcxproj", "{F7DACE26-7E52-442B-8B0E-5404AF29B7A5}"
EndProject
Project("{8BC9CEB8-8B4A-11D0-8D11-00A0C91BC942}") = "7.1", "7.1\7.1.vcxproj", "{DE4994C9-1448-4CAF-A25B-03393FA35F65}"
EndProject
Project("{8BC9CEB8-8B4A-11D0-8D11-00A0C91BC942}") = "7.2", "7.2\7.2.vcxproj", "{947FDDAA-57B7-4636-B6B1-621AF2A4BFCB}"
EndProject
Project("{8BC9CEB8-8B4A-11D0-8D11-00A0C91BC942}") = "7.3", "7.3\7.3.vcxproj", "{B0059A0F-B421-4BBB-8854-BD4FA60D2229}"
EndProject
Project("{8BC9CEB8-8B4A-11D0-8D11-00A0C91BC942}") = "7.4", "7.4\7.4.vcxproj", "{3B6510A3-236C-485E-8783-51CD01E70498}"
EndProject
Project("{8BC9CEB8-8B4A-11D0-8D11-00A0C91BC942}") = "7.5", "7.5\7.5.vcxproj", "{F5212B69-1FEC-4526-8884-E02E1654B271}"
EndProject
Project("{8BC9CEB8-8B4A-11D0-8D11-00A0C91BC942}") = "7.6", "7.6\7.6.vcxproj", "{28385ABF-A1A5-40B4-BB54-CAC176D045CB}"
EndProject
Project("{8BC9CEB8-8B4A-11D0-8D11-00A0C91BC942}") = "7.7", "7.7\7.7.vcxproj", "{99880924-6A44-4EB5-BEAD-96F77831AED5}"
EndProject
Project("{8BC9CEB8-8B4A-11D0-8D11-00A0C91BC942}") = "7.8-1", "7.8-1\7.8-1.vcxproj", "{54BDA0BB-9E56-4C74-8C0C-722B441EFE94}"
EndProject
Project("{8BC9CEB8-8B4A-11D0-8D11-00A0C91BC942}") = "7.8-2", "7.8-2\7.8-2.vcxproj", "{7EF13834-C717-4F45-A12E-37FD8B2DAD48}"
EndProject
Project("{8BC9CEB8-8B4A-11D0-8D11-00A0C91BC942}") = "7.9", "7.9\7.9.vcxproj", "{A6D392A6-85CA-4ABC-AE95-02D054BE763F}"
EndProject
Project("{8BC9CEB8-8B4A-11D0-8D11-00A0C91BC942}") = "7.10", "7.10\7.10.vcxproj", "{3BD6EE30-FBAB-4D46-8D6F-41A45568B75B}"
EndProject
Project("{8BC9CEB8-8B4A-11D0-8D11-00A0C91BC942}") = "6.7", "6.7\6.7.vcxproj", "{D21DBF3F-84C9-4FBA-B431-BEBF158435AE}"
EndProject
Project("{8BC9CEB8-8B4A-11D0-8D11-00A0C91BC942}") = "6.8", "6.8\6.8.vcxproj", "{16E56D10-6209-4ABF-B3EB-5927445EAB1C}"
EndProject
Project("{8BC9CEB8-8B4A-11D0-8D11-00A0C91BC942}") = "6.9", "6.9\6.9.vcxproj", "{C2B966B9-435C-477B-9ECC-287621504AEB}"
EndProject
Project("{8BC9CEB8-8B4A-11D0-8D11-00A0C91BC942}") = "0.0", "0.0\0.0.vcxproj", "{55A204E5-8628-4C79-BB82-557CDC2A1FFA}"
EndProject
Project("{8BC9CEB8-8B4A-11D0-8D11-00A0C91BC942}") = "8.1", "8.1\8.1.vcxproj", "{97964555-5B8D-4C72-8DB5-B62F8B052AED}"
EndProject
Project("{8BC9CEB8-8B4A-11D0-8D11-00A0C91BC942}") = "8.2", "8.2\8.2.vcxproj", "{79763024-50E5-4FC5-859A-65D8D92E0108}"
EndProject
Project("{8BC9CEB8-8B4A-11D0-8D11-00A0C91BC942}") = "8.3", "to_big\to_big.vcxproj", "{32FA807F-0452-4E75-BF7D-41E3E586BFDA}"
EndProject
Project("{8BC9CEB8-8B4A-11D0-8D11-00A0C91BC942}") = "8.4", "8.4\8.4.vcxproj", "{4E7C8012-91BB-4CBC-A5D2-99F8A680547B}"
EndProject
Project("{8BC9CEB8-8B4A-11D0-8D11-00A0C91BC942}") = "8.5", "8.5\8.5.vcxproj", "{FCC3E27D-A185-43B5-8609-05375D2848B4}"
EndProject
Project("{8BC9CEB8-8B4A-11D0-8D11-00A0C91BC942}") = "8.6", "8.6\8.6.vcxproj", "{D4AB98BE-A476-4280-AFB2-FBAE1FEA0BFE}"
EndProject
Project("{8BC9CEB8-8B4A-11D0-8D11-00A0C91BC942}") = "8.7", "8.7\8.7.vcxproj", "{2BB03F4B-81F0-4DDF-81DB-09DE28AC187B}"
EndProject
Project("{8BC9CEB8-8B4A-11D0-8D11-00A0C91BC942}") = "9.1", "9.1\9.1.vcxproj", "{B7ACE0BF-9875-4420-B7C8-CE56B1126081}"
EndProject
Project("{8BC9CEB8-8B4A-11D0-8D11-00A0C91BC942}") = "9.2", "9.2\9.2.vcxproj", "{434A3CCF-C5B5-4AC0-BA88-9FB9148A07F8}"
EndProject
Project("{8BC9CEB8-8B4A-11D0-8D11-00A0C91BC942}") = "9.3", "9.3\9.3.vcxproj", "{DB384579-C11A-4EFB-BCD9-3D0AA88C6408}"
EndProject
Project("{8BC9CEB8-8B4A-11D0-8D11-00A0C91BC942}") = "9.4", "9.4\9.4.vcxproj", "{C8C53211-4299-4EDD-9CA6-BEF0D885E3E6}"
EndProject
Project("{8BC9CEB8-8B4A-11D0-8D11-00A0C91BC942}") = "10.1", "10.1\10.1.vcxproj", "{CF005C3F-284C-4E41-93F9-8E66E098E9AC}"
EndProject
Project("{8BC9CEB8-8B4A-11D0-8D11-00A0C91BC942}") = "10.2", "10.2\10.2.vcxproj", "{1819FB3D-9C16-43F3-BD70-E278266879AD}"
EndProject
Project("{8BC9CEB8-8B4A-11D0-8D11-00A0C91BC942}") = "10.3", "10.3\10.3.vcxproj", "{E7DACC9C-E01E-4480-B269-36C53E5E8BD3}"
EndProject
Project("{8BC9CEB8-8B4A-11D0-8D11-00A0C91BC942}") = "10.4", "10.4\10.4.vcxproj", "{F1C38CB4-5249-4CD9-8967-D4E4B3EAFC2A}"
EndProject
Project("{8BC9CEB8-8B4A-11D0-8D11-00A0C91BC942}") = "10.5", "10.5\10.5.vcxproj", "{03CEFF8C-A051-4198-8431-3B508AA46B2F}"
EndProject
Project("{8BC9CEB8-8B4A-11D0-8D11-00A0C91BC942}") = "10.6", "10.6\10.6.vcxproj", "{0AFC124B-8318-4A52-9BAD-4CE15F21DC27}"
EndProject
Project("{8BC9CEB8-8B4A-11D0-8D11-00A0C91BC942}") = "10.7", "10.7\10.7.vcxproj", "{8043BAAE-0293-4F88-A1DD-4D629E3911C7}"
EndProject
Project("{8BC9CEB8-8B4A-11D0-8D11-00A0C91BC942}") = "10.8", "10.8\10.8.vcxproj", "{2F230968-E347-4165-9A40-719A58B08B87}"
EndProject
Project("{8BC9CEB8-8B4A-11D0-8D11-00A0C91BC942}") = "11.1", "11.1\11.1.vcxproj", "{67D7DEFB-FCB0-4509-947C-1DAB0F5B0759}"
EndProject
Project("{8BC9CEB8-8B4A-11D0-8D11-00A0C91BC942}") = "11.2", "11.2\11.2.vcxproj", "{907037FC-69F9-46D4-BB12-7875E901C20A}"
EndProject
Project("{8BC9CEB8-8B4A-11D0-8D11-00A0C91BC942}") = "11.3", "11.3\11.3.vcxproj", "{D822DB6A-F03F-4126-A36C-DAB238B74240}"
EndProject
Project("{8BC9CEB8-8B4A-11D0-8D11-00A0C91BC942}") = "11.4", "11.4\11.4.vcxproj", "{BD706ED2-1931-405F-8E75-5CE5DA036CE1}"
EndProject
Project("{8BC9CEB8-8B4A-11D0-8D11-00A0C91BC942}") = "11.5", "11.5\11.5.vcxproj", "{5F76054B-9C57-4EA5-906B-7ED3F166DBA7}"
EndProject
Project("{8BC9CEB8-8B4A-11D0-8D11-00A0C91BC942}") = "11.6", "11.6\11.6.vcxproj", "{FF915EB1-2640-49CE-9DCF-0251B2244665}"
EndProject
Project("{8BC9CEB8-8B4A-11D0-8D11-00A0C91BC942}") = "11.7", "11.7\11.7.vcxproj", "{157CE924-D8DE-458E-937A-45607429DCAD}"
EndProject
Project("{8BC9CEB8-8B4A-11D0-8D11-00A0C91BC942}") = "12.1", "12.1\12.1.vcxproj", "{5DDDD016-F2D3-4DE0-B5D9-72E9296A76DF}"
EndProject
Project("{8BC9CEB8-8B4A-11D0-8D11-00A0C91BC942}") = "12.2", "12.2\12.2.vcxproj", "{9AB0FFE5-F10E-4711-B463-0026A795CE49}"
EndProject
Project("{8BC9CEB8-8B4A-11D0-8D11-00A0C91BC942}") = "12.3", "12.3\12.3.vcxproj", "{BE547709-EEDB-45D8-B5C5-260633A49EB8}"
EndProject
Project("{8BC9CEB8-8B4A-11D0-8D11-00A0C91BC942}") = "12.4", "12.4\12.4.vcxproj", "{40E9AB04-5382-44D3-825F-9237C5769EFF}"
EndProject
Global
	GlobalSection(SolutionConfigurationPlatforms) = preSolution
		Debug|x64 = Debug|x64
		Debug|x86 = Debug|x86
		Release|x64 = Release|x64
		Release|x86 = Release|x86
	EndGlobalSection
	GlobalSection(ProjectConfigurationPlatforms) = postSolution
		{8D81AEE5-F38C-49B7-A78B-D6D0ABCCC669}.Debug|x64.ActiveCfg = Debug|x64
		{8D81AEE5-F38C-49B7-A78B-D6D0ABCCC669}.Debug|x64.Build.0 = Debug|x64
		{8D81AEE5-F38C-49B7-A78B-D6D0ABCCC669}.Debug|x86.ActiveCfg = Debug|Win32
		{8D81AEE5-F38C-49B7-A78B-D6D0ABCCC669}.Debug|x86.Build.0 = Debug|Win32
		{8D81AEE5-F38C-49B7-A78B-D6D0ABCCC669}.Release|x64.ActiveCfg = Release|x64
		{8D81AEE5-F38C-49B7-A78B-D6D0ABCCC669}.Release|x64.Build.0 = Release|x64
		{8D81AEE5-F38C-49B7-A78B-D6D0ABCCC669}.Release|x86.ActiveCfg = Release|Win32
		{8D81AEE5-F38C-49B7-A78B-D6D0ABCCC669}.Release|x86.Build.0 = Release|Win32
		{799EC48E-7972-4A0B-AD41-AB5E1D9C0A15}.Debug|x64.ActiveCfg = Debug|x64
		{799EC48E-7972-4A0B-AD41-AB5E1D9C0A15}.Debug|x64.Build.0 = Debug|x64
		{799EC48E-7972-4A0B-AD41-AB5E1D9C0A15}.Debug|x86.ActiveCfg = Debug|Win32
		{799EC48E-7972-4A0B-AD41-AB5E1D9C0A15}.Debug|x86.Build.0 = Debug|Win32
		{799EC48E-7972-4A0B-AD41-AB5E1D9C0A15}.Release|x64.ActiveCfg = Release|x64
		{799EC48E-7972-4A0B-AD41-AB5E1D9C0A15}.Release|x64.Build.0 = Release|x64
		{799EC48E-7972-4A0B-AD41-AB5E1D9C0A15}.Release|x86.ActiveCfg = Release|Win32
		{799EC48E-7972-4A0B-AD41-AB5E1D9C0A15}.Release|x86.Build.0 = Release|Win32
		{526DBE7D-6282-40FA-BA66-C4F5928078DA}.Debug|x64.ActiveCfg = Debug|x64
		{526DBE7D-6282-40FA-BA66-C4F5928078DA}.Debug|x64.Build.0 = Debug|x64
		{526DBE7D-6282-40FA-BA66-C4F5928078DA}.Debug|x86.ActiveCfg = Debug|Win32
		{526DBE7D-6282-40FA-BA66-C4F5928078DA}.Debug|x86.Build.0 = Debug|Win32
		{526DBE7D-6282-40FA-BA66-C4F5928078DA}.Release|x64.ActiveCfg = Release|x64
		{526DBE7D-6282-40FA-BA66-C4F5928078DA}.Release|x64.Build.0 = Release|x64
		{526DBE7D-6282-40FA-BA66-C4F5928078DA}.Release|x86.ActiveCfg = Release|Win32
		{526DBE7D-6282-40FA-BA66-C4F5928078DA}.Release|x86.Build.0 = Release|Win32
		{9E9EBC34-8F48-4E71-AA5C-B222FB9B2827}.Debug|x64.ActiveCfg = Debug|x64
		{9E9EBC34-8F48-4E71-AA5C-B222FB9B2827}.Debug|x64.Build.0 = Debug|x64
		{9E9EBC34-8F48-4E71-AA5C-B222FB9B2827}.Debug|x86.ActiveCfg = Debug|Win32
		{9E9EBC34-8F48-4E71-AA5C-B222FB9B2827}.Debug|x86.Build.0 = Debug|Win32
		{9E9EBC34-8F48-4E71-AA5C-B222FB9B2827}.Release|x64.ActiveCfg = Release|x64
		{9E9EBC34-8F48-4E71-AA5C-B222FB9B2827}.Release|x64.Build.0 = Release|x64
		{9E9EBC34-8F48-4E71-AA5C-B222FB9B2827}.Release|x86.ActiveCfg = Release|Win32
		{9E9EBC34-8F48-4E71-AA5C-B222FB9B2827}.Release|x86.Build.0 = Release|Win32
		{96ACF881-9E5E-40FB-AB74-4D6798DBEAAB}.Debug|x64.ActiveCfg = Debug|x64
		{96ACF881-9E5E-40FB-AB74-4D6798DBEAAB}.Debug|x64.Build.0 = Debug|x64
		{96ACF881-9E5E-40FB-AB74-4D6798DBEAAB}.Debug|x86.ActiveCfg = Debug|Win32
		{96ACF881-9E5E-40FB-AB74-4D6798DBEAAB}.Debug|x86.Build.0 = Debug|Win32
		{96ACF881-9E5E-40FB-AB74-4D6798DBEAAB}.Release|x64.ActiveCfg = Release|x64
		{96ACF881-9E5E-40FB-AB74-4D6798DBEAAB}.Release|x64.Build.0 = Release|x64
		{96ACF881-9E5E-40FB-AB74-4D6798DBEAAB}.Release|x86.ActiveCfg = Release|Win32
		{96ACF881-9E5E-40FB-AB74-4D6798DBEAAB}.Release|x86.Build.0 = Release|Win32
		{00C58D4F-2E76-4EB6-891B-C3A6F53ADB31}.Debug|x64.ActiveCfg = Debug|x64
		{00C58D4F-2E76-4EB6-891B-C3A6F53ADB31}.Debug|x64.Build.0 = Debug|x64
		{00C58D4F-2E76-4EB6-891B-C3A6F53ADB31}.Debug|x86.ActiveCfg = Debug|Win32
		{00C58D4F-2E76-4EB6-891B-C3A6F53ADB31}.Debug|x86.Build.0 = Debug|Win32
		{00C58D4F-2E76-4EB6-891B-C3A6F53ADB31}.Release|x64.ActiveCfg = Release|x64
		{00C58D4F-2E76-4EB6-891B-C3A6F53ADB31}.Release|x64.Build.0 = Release|x64
		{00C58D4F-2E76-4EB6-891B-C3A6F53ADB31}.Release|x86.ActiveCfg = Release|Win32
		{00C58D4F-2E76-4EB6-891B-C3A6F53ADB31}.Release|x86.Build.0 = Release|Win32
		{8CA14267-B602-4349-AC0F-51D6C298D4D6}.Debug|x64.ActiveCfg = Debug|x64
		{8CA14267-B602-4349-AC0F-51D6C298D4D6}.Debug|x64.Build.0 = Debug|x64
		{8CA14267-B602-4349-AC0F-51D6C298D4D6}.Debug|x86.ActiveCfg = Debug|Win32
		{8CA14267-B602-4349-AC0F-51D6C298D4D6}.Debug|x86.Build.0 = Debug|Win32
		{8CA14267-B602-4349-AC0F-51D6C298D4D6}.Release|x64.ActiveCfg = Release|x64
		{8CA14267-B602-4349-AC0F-51D6C298D4D6}.Release|x64.Build.0 = Release|x64
		{8CA14267-B602-4349-AC0F-51D6C298D4D6}.Release|x86.ActiveCfg = Release|Win32
		{8CA14267-B602-4349-AC0F-51D6C298D4D6}.Release|x86.Build.0 = Release|Win32
		{91DAC0C6-A71C-43FE-8B1F-78A474E3969E}.Debug|x64.ActiveCfg = Debug|x64
		{91DAC0C6-A71C-43FE-8B1F-78A474E3969E}.Debug|x64.Build.0 = Debug|x64
		{91DAC0C6-A71C-43FE-8B1F-78A474E3969E}.Debug|x86.ActiveCfg = Debug|Win32
		{91DAC0C6-A71C-43FE-8B1F-78A474E3969E}.Debug|x86.Build.0 = Debug|Win32
		{91DAC0C6-A71C-43FE-8B1F-78A474E3969E}.Release|x64.ActiveCfg = Release|x64
		{91DAC0C6-A71C-43FE-8B1F-78A474E3969E}.Release|x64.Build.0 = Release|x64
		{91DAC0C6-A71C-43FE-8B1F-78A474E3969E}.Release|x86.ActiveCfg = Release|Win32
		{91DAC0C6-A71C-43FE-8B1F-78A474E3969E}.Release|x86.Build.0 = Release|Win32
		{8151C299-2F83-4913-8A6E-561B92F1D2DC}.Debug|x64.ActiveCfg = Debug|x64
		{8151C299-2F83-4913-8A6E-561B92F1D2DC}.Debug|x64.Build.0 = Debug|x64
		{8151C299-2F83-4913-8A6E-561B92F1D2DC}.Debug|x86.ActiveCfg = Debug|Win32
		{8151C299-2F83-4913-8A6E-561B92F1D2DC}.Debug|x86.Build.0 = Debug|Win32
		{8151C299-2F83-4913-8A6E-561B92F1D2DC}.Release|x64.ActiveCfg = Release|x64
		{8151C299-2F83-4913-8A6E-561B92F1D2DC}.Release|x64.Build.0 = Release|x64
		{8151C299-2F83-4913-8A6E-561B92F1D2DC}.Release|x86.ActiveCfg = Release|Win32
		{8151C299-2F83-4913-8A6E-561B92F1D2DC}.Release|x86.Build.0 = Release|Win32
		{A1B6F6C0-CF8D-40DD-8A30-2ABA8E5E8531}.Debug|x64.ActiveCfg = Debug|x64
		{A1B6F6C0-CF8D-40DD-8A30-2ABA8E5E8531}.Debug|x64.Build.0 = Debug|x64
		{A1B6F6C0-CF8D-40DD-8A30-2ABA8E5E8531}.Debug|x86.ActiveCfg = Debug|Win32
		{A1B6F6C0-CF8D-40DD-8A30-2ABA8E5E8531}.Debug|x86.Build.0 = Debug|Win32
		{A1B6F6C0-CF8D-40DD-8A30-2ABA8E5E8531}.Release|x64.ActiveCfg = Release|x64
		{A1B6F6C0-CF8D-40DD-8A30-2ABA8E5E8531}.Release|x64.Build.0 = Release|x64
		{A1B6F6C0-CF8D-40DD-8A30-2ABA8E5E8531}.Release|x86.ActiveCfg = Release|Win32
		{A1B6F6C0-CF8D-40DD-8A30-2ABA8E5E8531}.Release|x86.Build.0 = Release|Win32
		{C50389AF-6F3C-49A1-A806-C565982F55B6}.Debug|x64.ActiveCfg = Debug|x64
		{C50389AF-6F3C-49A1-A806-C565982F55B6}.Debug|x64.Build.0 = Debug|x64
		{C50389AF-6F3C-49A1-A806-C565982F55B6}.Debug|x86.ActiveCfg = Debug|Win32
		{C50389AF-6F3C-49A1-A806-C565982F55B6}.Debug|x86.Build.0 = Debug|Win32
		{C50389AF-6F3C-49A1-A806-C565982F55B6}.Release|x64.ActiveCfg = Release|x64
		{C50389AF-6F3C-49A1-A806-C565982F55B6}.Release|x64.Build.0 = Release|x64
		{C50389AF-6F3C-49A1-A806-C565982F55B6}.Release|x86.ActiveCfg = Release|Win32
		{C50389AF-6F3C-49A1-A806-C565982F55B6}.Release|x86.Build.0 = Release|Win32
		{494BE349-E3E8-4934-A668-24D56B8AA7AA}.Debug|x64.ActiveCfg = Debug|x64
		{494BE349-E3E8-4934-A668-24D56B8AA7AA}.Debug|x64.Build.0 = Debug|x64
		{494BE349-E3E8-4934-A668-24D56B8AA7AA}.Debug|x86.ActiveCfg = Debug|Win32
		{494BE349-E3E8-4934-A668-24D56B8AA7AA}.Debug|x86.Build.0 = Debug|Win32
		{494BE349-E3E8-4934-A668-24D56B8AA7AA}.Release|x64.ActiveCfg = Release|x64
		{494BE349-E3E8-4934-A668-24D56B8AA7AA}.Release|x64.Build.0 = Release|x64
		{494BE349-E3E8-4934-A668-24D56B8AA7AA}.Release|x86.ActiveCfg = Release|Win32
		{494BE349-E3E8-4934-A668-24D56B8AA7AA}.Release|x86.Build.0 = Release|Win32
		{6F3BAF14-E000-4704-84A8-08C618AAE226}.Debug|x64.ActiveCfg = Debug|x64
		{6F3BAF14-E000-4704-84A8-08C618AAE226}.Debug|x64.Build.0 = Debug|x64
		{6F3BAF14-E000-4704-84A8-08C618AAE226}.Debug|x86.ActiveCfg = Debug|Win32
		{6F3BAF14-E000-4704-84A8-08C618AAE226}.Debug|x86.Build.0 = Debug|Win32
		{6F3BAF14-E000-4704-84A8-08C618AAE226}.Release|x64.ActiveCfg = Release|x64
		{6F3BAF14-E000-4704-84A8-08C618AAE226}.Release|x64.Build.0 = Release|x64
		{6F3BAF14-E000-4704-84A8-08C618AAE226}.Release|x86.ActiveCfg = Release|Win32
		{6F3BAF14-E000-4704-84A8-08C618AAE226}.Release|x86.Build.0 = Release|Win32
		{863ADD7F-60DE-4AF7-A99C-7BBC12BF3F75}.Debug|x64.ActiveCfg = Debug|x64
		{863ADD7F-60DE-4AF7-A99C-7BBC12BF3F75}.Debug|x64.Build.0 = Debug|x64
		{863ADD7F-60DE-4AF7-A99C-7BBC12BF3F75}.Debug|x86.ActiveCfg = Debug|Win32
		{863ADD7F-60DE-4AF7-A99C-7BBC12BF3F75}.Debug|x86.Build.0 = Debug|Win32
		{863ADD7F-60DE-4AF7-A99C-7BBC12BF3F75}.Release|x64.ActiveCfg = Release|x64
		{863ADD7F-60DE-4AF7-A99C-7BBC12BF3F75}.Release|x64.Build.0 = Release|x64
		{863ADD7F-60DE-4AF7-A99C-7BBC12BF3F75}.Release|x86.ActiveCfg = Release|Win32
		{863ADD7F-60DE-4AF7-A99C-7BBC12BF3F75}.Release|x86.Build.0 = Release|Win32
		{F872399A-2A8D-4E52-A470-D77F94E7F9A4}.Debug|x64.ActiveCfg = Debug|x64
		{F872399A-2A8D-4E52-A470-D77F94E7F9A4}.Debug|x64.Build.0 = Debug|x64
		{F872399A-2A8D-4E52-A470-D77F94E7F9A4}.Debug|x86.ActiveCfg = Debug|Win32
		{F872399A-2A8D-4E52-A470-D77F94E7F9A4}.Debug|x86.Build.0 = Debug|Win32
		{F872399A-2A8D-4E52-A470-D77F94E7F9A4}.Release|x64.ActiveCfg = Release|x64
		{F872399A-2A8D-4E52-A470-D77F94E7F9A4}.Release|x64.Build.0 = Release|x64
		{F872399A-2A8D-4E52-A470-D77F94E7F9A4}.Release|x86.ActiveCfg = Release|Win32
		{F872399A-2A8D-4E52-A470-D77F94E7F9A4}.Release|x86.Build.0 = Release|Win32
		{A89EAAFA-42B9-4D8F-B8CD-C6824B71F2BA}.Debug|x64.ActiveCfg = Debug|x64
		{A89EAAFA-42B9-4D8F-B8CD-C6824B71F2BA}.Debug|x64.Build.0 = Debug|x64
		{A89EAAFA-42B9-4D8F-B8CD-C6824B71F2BA}.Debug|x86.ActiveCfg = Debug|Win32
		{A89EAAFA-42B9-4D8F-B8CD-C6824B71F2BA}.Debug|x86.Build.0 = Debug|Win32
		{A89EAAFA-42B9-4D8F-B8CD-C6824B71F2BA}.Release|x64.ActiveCfg = Release|x64
		{A89EAAFA-42B9-4D8F-B8CD-C6824B71F2BA}.Release|x64.Build.0 = Release|x64
		{A89EAAFA-42B9-4D8F-B8CD-C6824B71F2BA}.Release|x86.ActiveCfg = Release|Win32
		{A89EAAFA-42B9-4D8F-B8CD-C6824B71F2BA}.Release|x86.Build.0 = Release|Win32
		{3B530B29-C66F-40ED-944A-4D158E626A1B}.Debug|x64.ActiveCfg = Debug|x64
		{3B530B29-C66F-40ED-944A-4D158E626A1B}.Debug|x64.Build.0 = Debug|x64
		{3B530B29-C66F-40ED-944A-4D158E626A1B}.Debug|x86.ActiveCfg = Debug|Win32
		{3B530B29-C66F-40ED-944A-4D158E626A1B}.Debug|x86.Build.0 = Debug|Win32
		{3B530B29-C66F-40ED-944A-4D158E626A1B}.Release|x64.ActiveCfg = Release|x64
		{3B530B29-C66F-40ED-944A-4D158E626A1B}.Release|x64.Build.0 = Release|x64
		{3B530B29-C66F-40ED-944A-4D158E626A1B}.Release|x86.ActiveCfg = Release|Win32
		{3B530B29-C66F-40ED-944A-4D158E626A1B}.Release|x86.Build.0 = Release|Win32
		{6A0B8B19-89C6-4FEC-8E08-F3796E3DAF36}.Debug|x64.ActiveCfg = Debug|x64
		{6A0B8B19-89C6-4FEC-8E08-F3796E3DAF36}.Debug|x64.Build.0 = Debug|x64
		{6A0B8B19-89C6-4FEC-8E08-F3796E3DAF36}.Debug|x86.ActiveCfg = Debug|Win32
		{6A0B8B19-89C6-4FEC-8E08-F3796E3DAF36}.Debug|x86.Build.0 = Debug|Win32
		{6A0B8B19-89C6-4FEC-8E08-F3796E3DAF36}.Release|x64.ActiveCfg = Release|x64
		{6A0B8B19-89C6-4FEC-8E08-F3796E3DAF36}.Release|x64.Build.0 = Release|x64
		{6A0B8B19-89C6-4FEC-8E08-F3796E3DAF36}.Release|x86.ActiveCfg = Release|Win32
		{6A0B8B19-89C6-4FEC-8E08-F3796E3DAF36}.Release|x86.Build.0 = Release|Win32
		{C7ECED44-6E4F-4409-8876-E194BDD7B895}.Debug|x64.ActiveCfg = Debug|x64
		{C7ECED44-6E4F-4409-8876-E194BDD7B895}.Debug|x64.Build.0 = Debug|x64
		{C7ECED44-6E4F-4409-8876-E194BDD7B895}.Debug|x86.ActiveCfg = Debug|Win32
		{C7ECED44-6E4F-4409-8876-E194BDD7B895}.Debug|x86.Build.0 = Debug|Win32
		{C7ECED44-6E4F-4409-8876-E194BDD7B895}.Release|x64.ActiveCfg = Release|x64
		{C7ECED44-6E4F-4409-8876-E194BDD7B895}.Release|x64.Build.0 = Release|x64
		{C7ECED44-6E4F-4409-8876-E194BDD7B895}.Release|x86.ActiveCfg = Release|Win32
		{C7ECED44-6E4F-4409-8876-E194BDD7B895}.Release|x86.Build.0 = Release|Win32
		{56C133E2-03CA-463A-8934-3D373456561C}.Debug|x64.ActiveCfg = Debug|x64
		{56C133E2-03CA-463A-8934-3D373456561C}.Debug|x64.Build.0 = Debug|x64
		{56C133E2-03CA-463A-8934-3D373456561C}.Debug|x86.ActiveCfg = Debug|Win32
		{56C133E2-03CA-463A-8934-3D373456561C}.Debug|x86.Build.0 = Debug|Win32
		{56C133E2-03CA-463A-8934-3D373456561C}.Release|x64.ActiveCfg = Release|x64
		{56C133E2-03CA-463A-8934-3D373456561C}.Release|x64.Build.0 = Release|x64
		{56C133E2-03CA-463A-8934-3D373456561C}.Release|x86.ActiveCfg = Release|Win32
		{56C133E2-03CA-463A-8934-3D373456561C}.Release|x86.Build.0 = Release|Win32
		{D73AE00A-4F1D-4081-9170-C83393FE3C17}.Debug|x64.ActiveCfg = Debug|x64
		{D73AE00A-4F1D-4081-9170-C83393FE3C17}.Debug|x64.Build.0 = Debug|x64
		{D73AE00A-4F1D-4081-9170-C83393FE3C17}.Debug|x86.ActiveCfg = Debug|Win32
		{D73AE00A-4F1D-4081-9170-C83393FE3C17}.Debug|x86.Build.0 = Debug|Win32
		{D73AE00A-4F1D-4081-9170-C83393FE3C17}.Release|x64.ActiveCfg = Release|x64
		{D73AE00A-4F1D-4081-9170-C83393FE3C17}.Release|x64.Build.0 = Release|x64
		{D73AE00A-4F1D-4081-9170-C83393FE3C17}.Release|x86.ActiveCfg = Release|Win32
		{D73AE00A-4F1D-4081-9170-C83393FE3C17}.Release|x86.Build.0 = Release|Win32
		{B4877A11-7AC6-426B-9F13-ADF0FCAD34DA}.Debug|x64.ActiveCfg = Debug|x64
		{B4877A11-7AC6-426B-9F13-ADF0FCAD34DA}.Debug|x64.Build.0 = Debug|x64
		{B4877A11-7AC6-426B-9F13-ADF0FCAD34DA}.Debug|x86.ActiveCfg = Debug|Win32
		{B4877A11-7AC6-426B-9F13-ADF0FCAD34DA}.Debug|x86.Build.0 = Debug|Win32
		{B4877A11-7AC6-426B-9F13-ADF0FCAD34DA}.Release|x64.ActiveCfg = Release|x64
		{B4877A11-7AC6-426B-9F13-ADF0FCAD34DA}.Release|x64.Build.0 = Release|x64
		{B4877A11-7AC6-426B-9F13-ADF0FCAD34DA}.Release|x86.ActiveCfg = Release|Win32
		{B4877A11-7AC6-426B-9F13-ADF0FCAD34DA}.Release|x86.Build.0 = Release|Win32
		{810AC41E-220E-4851-8535-A65579553A9E}.Debug|x64.ActiveCfg = Debug|x64
		{810AC41E-220E-4851-8535-A65579553A9E}.Debug|x64.Build.0 = Debug|x64
		{810AC41E-220E-4851-8535-A65579553A9E}.Debug|x86.ActiveCfg = Debug|Win32
		{810AC41E-220E-4851-8535-A65579553A9E}.Debug|x86.Build.0 = Debug|Win32
		{810AC41E-220E-4851-8535-A65579553A9E}.Release|x64.ActiveCfg = Release|x64
		{810AC41E-220E-4851-8535-A65579553A9E}.Release|x64.Build.0 = Release|x64
		{810AC41E-220E-4851-8535-A65579553A9E}.Release|x86.ActiveCfg = Release|Win32
		{810AC41E-220E-4851-8535-A65579553A9E}.Release|x86.Build.0 = Release|Win32
		{6492A9A4-2173-4A97-ACFC-0803AD3B6126}.Debug|x64.ActiveCfg = Debug|x64
		{6492A9A4-2173-4A97-ACFC-0803AD3B6126}.Debug|x64.Build.0 = Debug|x64
		{6492A9A4-2173-4A97-ACFC-0803AD3B6126}.Debug|x86.ActiveCfg = Debug|Win32
		{6492A9A4-2173-4A97-ACFC-0803AD3B6126}.Debug|x86.Build.0 = Debug|Win32
		{6492A9A4-2173-4A97-ACFC-0803AD3B6126}.Release|x64.ActiveCfg = Release|x64
		{6492A9A4-2173-4A97-ACFC-0803AD3B6126}.Release|x64.Build.0 = Release|x64
		{6492A9A4-2173-4A97-ACFC-0803AD3B6126}.Release|x86.ActiveCfg = Release|Win32
		{6492A9A4-2173-4A97-ACFC-0803AD3B6126}.Release|x86.Build.0 = Release|Win32
		{8EFF1702-2F45-4D23-95DF-A75C82C4D7B6}.Debug|x64.ActiveCfg = Debug|x64
		{8EFF1702-2F45-4D23-95DF-A75C82C4D7B6}.Debug|x64.Build.0 = Debug|x64
		{8EFF1702-2F45-4D23-95DF-A75C82C4D7B6}.Debug|x86.ActiveCfg = Debug|Win32
		{8EFF1702-2F45-4D23-95DF-A75C82C4D7B6}.Debug|x86.Build.0 = Debug|Win32
		{8EFF1702-2F45-4D23-95DF-A75C82C4D7B6}.Release|x64.ActiveCfg = Release|x64
		{8EFF1702-2F45-4D23-95DF-A75C82C4D7B6}.Release|x64.Build.0 = Release|x64
		{8EFF1702-2F45-4D23-95DF-A75C82C4D7B6}.Release|x86.ActiveCfg = Release|Win32
		{8EFF1702-2F45-4D23-95DF-A75C82C4D7B6}.Release|x86.Build.0 = Release|Win32
		{73B6CE21-C3B8-4FCB-BF19-92B3590741A5}.Debug|x64.ActiveCfg = Debug|x64
		{73B6CE21-C3B8-4FCB-BF19-92B3590741A5}.Debug|x64.Build.0 = Debug|x64
		{73B6CE21-C3B8-4FCB-BF19-92B3590741A5}.Debug|x86.ActiveCfg = Debug|Win32
		{73B6CE21-C3B8-4FCB-BF19-92B3590741A5}.Debug|x86.Build.0 = Debug|Win32
		{73B6CE21-C3B8-4FCB-BF19-92B3590741A5}.Release|x64.ActiveCfg = Release|x64
		{73B6CE21-C3B8-4FCB-BF19-92B3590741A5}.Release|x64.Build.0 = Release|x64
		{73B6CE21-C3B8-4FCB-BF19-92B3590741A5}.Release|x86.ActiveCfg = Release|Win32
		{73B6CE21-C3B8-4FCB-BF19-92B3590741A5}.Release|x86.Build.0 = Release|Win32
		{D717FCED-754E-426B-BE81-7B46958FA185}.Debug|x64.ActiveCfg = Debug|x64
		{D717FCED-754E-426B-BE81-7B46958FA185}.Debug|x64.Build.0 = Debug|x64
		{D717FCED-754E-426B-BE81-7B46958FA185}.Debug|x86.ActiveCfg = Debug|Win32
		{D717FCED-754E-426B-BE81-7B46958FA185}.Debug|x86.Build.0 = Debug|Win32
		{D717FCED-754E-426B-BE81-7B46958FA185}.Release|x64.ActiveCfg = Release|x64
		{D717FCED-754E-426B-BE81-7B46958FA185}.Release|x64.Build.0 = Release|x64
		{D717FCED-754E-426B-BE81-7B46958FA185}.Release|x86.ActiveCfg = Release|Win32
		{D717FCED-754E-426B-BE81-7B46958FA185}.Release|x86.Build.0 = Release|Win32
		{600EF809-0897-4537-9024-7D6797F312AA}.Debug|x64.ActiveCfg = Debug|x64
		{600EF809-0897-4537-9024-7D6797F312AA}.Debug|x64.Build.0 = Debug|x64
		{600EF809-0897-4537-9024-7D6797F312AA}.Debug|x86.ActiveCfg = Debug|Win32
		{600EF809-0897-4537-9024-7D6797F312AA}.Debug|x86.Build.0 = Debug|Win32
		{600EF809-0897-4537-9024-7D6797F312AA}.Release|x64.ActiveCfg = Release|x64
		{600EF809-0897-4537-9024-7D6797F312AA}.Release|x64.Build.0 = Release|x64
		{600EF809-0897-4537-9024-7D6797F312AA}.Release|x86.ActiveCfg = Release|Win32
		{600EF809-0897-4537-9024-7D6797F312AA}.Release|x86.Build.0 = Release|Win32
		{37110A2E-641B-4775-8BB5-EA3F20D97075}.Debug|x64.ActiveCfg = Debug|x64
		{37110A2E-641B-4775-8BB5-EA3F20D97075}.Debug|x64.Build.0 = Debug|x64
		{37110A2E-641B-4775-8BB5-EA3F20D97075}.Debug|x86.ActiveCfg = Debug|Win32
		{37110A2E-641B-4775-8BB5-EA3F20D97075}.Debug|x86.Build.0 = Debug|Win32
		{37110A2E-641B-4775-8BB5-EA3F20D97075}.Release|x64.ActiveCfg = Release|x64
		{37110A2E-641B-4775-8BB5-EA3F20D97075}.Release|x64.Build.0 = Release|x64
		{37110A2E-641B-4775-8BB5-EA3F20D97075}.Release|x86.ActiveCfg = Release|Win32
		{37110A2E-641B-4775-8BB5-EA3F20D97075}.Release|x86.Build.0 = Release|Win32
		{55474DC3-78D6-439D-B534-B83D03BBB6AE}.Debug|x64.ActiveCfg = Debug|x64
		{55474DC3-78D6-439D-B534-B83D03BBB6AE}.Debug|x64.Build.0 = Debug|x64
		{55474DC3-78D6-439D-B534-B83D03BBB6AE}.Debug|x86.ActiveCfg = Debug|Win32
		{55474DC3-78D6-439D-B534-B83D03BBB6AE}.Debug|x86.Build.0 = Debug|Win32
		{55474DC3-78D6-439D-B534-B83D03BBB6AE}.Release|x64.ActiveCfg = Release|x64
		{55474DC3-78D6-439D-B534-B83D03BBB6AE}.Release|x64.Build.0 = Release|x64
		{55474DC3-78D6-439D-B534-B83D03BBB6AE}.Release|x86.ActiveCfg = Release|Win32
		{55474DC3-78D6-439D-B534-B83D03BBB6AE}.Release|x86.Build.0 = Release|Win32
		{61AB5B24-BEE0-4C3A-8DF7-0ADC8049F8AC}.Debug|x64.ActiveCfg = Debug|x64
		{61AB5B24-BEE0-4C3A-8DF7-0ADC8049F8AC}.Debug|x64.Build.0 = Debug|x64
		{61AB5B24-BEE0-4C3A-8DF7-0ADC8049F8AC}.Debug|x86.ActiveCfg = Debug|Win32
		{61AB5B24-BEE0-4C3A-8DF7-0ADC8049F8AC}.Debug|x86.Build.0 = Debug|Win32
		{61AB5B24-BEE0-4C3A-8DF7-0ADC8049F8AC}.Release|x64.ActiveCfg = Release|x64
		{61AB5B24-BEE0-4C3A-8DF7-0ADC8049F8AC}.Release|x64.Build.0 = Release|x64
		{61AB5B24-BEE0-4C3A-8DF7-0ADC8049F8AC}.Release|x86.ActiveCfg = Release|Win32
		{61AB5B24-BEE0-4C3A-8DF7-0ADC8049F8AC}.Release|x86.Build.0 = Release|Win32
		{A7FC44CF-5341-40CD-BB6F-743D9D5361BF}.Debug|x64.ActiveCfg = Debug|x64
		{A7FC44CF-5341-40CD-BB6F-743D9D5361BF}.Debug|x64.Build.0 = Debug|x64
		{A7FC44CF-5341-40CD-BB6F-743D9D5361BF}.Debug|x86.ActiveCfg = Debug|Win32
		{A7FC44CF-5341-40CD-BB6F-743D9D5361BF}.Debug|x86.Build.0 = Debug|Win32
		{A7FC44CF-5341-40CD-BB6F-743D9D5361BF}.Release|x64.ActiveCfg = Release|x64
		{A7FC44CF-5341-40CD-BB6F-743D9D5361BF}.Release|x64.Build.0 = Release|x64
		{A7FC44CF-5341-40CD-BB6F-743D9D5361BF}.Release|x86.ActiveCfg = Release|Win32
		{A7FC44CF-5341-40CD-BB6F-743D9D5361BF}.Release|x86.Build.0 = Release|Win32
		{D316CADC-089E-4567-B4A4-E5C6F45EDD92}.Debug|x64.ActiveCfg = Debug|x64
		{D316CADC-089E-4567-B4A4-E5C6F45EDD92}.Debug|x64.Build.0 = Debug|x64
		{D316CADC-089E-4567-B4A4-E5C6F45EDD92}.Debug|x86.ActiveCfg = Debug|Win32
		{D316CADC-089E-4567-B4A4-E5C6F45EDD92}.Debug|x86.Build.0 = Debug|Win32
		{D316CADC-089E-4567-B4A4-E5C6F45EDD92}.Release|x64.ActiveCfg = Release|x64
		{D316CADC-089E-4567-B4A4-E5C6F45EDD92}.Release|x64.Build.0 = Release|x64
		{D316CADC-089E-4567-B4A4-E5C6F45EDD92}.Release|x86.ActiveCfg = Release|Win32
		{D316CADC-089E-4567-B4A4-E5C6F45EDD92}.Release|x86.Build.0 = Release|Win32
		{E919E2F5-C93B-47FB-BB4A-8C58C34F165C}.Debug|x64.ActiveCfg = Debug|x64
		{E919E2F5-C93B-47FB-BB4A-8C58C34F165C}.Debug|x64.Build.0 = Debug|x64
		{E919E2F5-C93B-47FB-BB4A-8C58C34F165C}.Debug|x86.ActiveCfg = Debug|Win32
		{E919E2F5-C93B-47FB-BB4A-8C58C34F165C}.Debug|x86.Build.0 = Debug|Win32
		{E919E2F5-C93B-47FB-BB4A-8C58C34F165C}.Release|x64.ActiveCfg = Release|x64
		{E919E2F5-C93B-47FB-BB4A-8C58C34F165C}.Release|x64.Build.0 = Release|x64
		{E919E2F5-C93B-47FB-BB4A-8C58C34F165C}.Release|x86.ActiveCfg = Release|Win32
		{E919E2F5-C93B-47FB-BB4A-8C58C34F165C}.Release|x86.Build.0 = Release|Win32
		{5427A443-002D-4415-A537-BF747EB35E51}.Debug|x64.ActiveCfg = Debug|x64
		{5427A443-002D-4415-A537-BF747EB35E51}.Debug|x64.Build.0 = Debug|x64
		{5427A443-002D-4415-A537-BF747EB35E51}.Debug|x86.ActiveCfg = Debug|Win32
		{5427A443-002D-4415-A537-BF747EB35E51}.Debug|x86.Build.0 = Debug|Win32
		{5427A443-002D-4415-A537-BF747EB35E51}.Release|x64.ActiveCfg = Release|x64
		{5427A443-002D-4415-A537-BF747EB35E51}.Release|x64.Build.0 = Release|x64
		{5427A443-002D-4415-A537-BF747EB35E51}.Release|x86.ActiveCfg = Release|Win32
		{5427A443-002D-4415-A537-BF747EB35E51}.Release|x86.Build.0 = Release|Win32
		{16FA86BD-1860-4BF3-BA6F-5DD2745A455F}.Debug|x64.ActiveCfg = Debug|x64
		{16FA86BD-1860-4BF3-BA6F-5DD2745A455F}.Debug|x64.Build.0 = Debug|x64
		{16FA86BD-1860-4BF3-BA6F-5DD2745A455F}.Debug|x86.ActiveCfg = Debug|Win32
		{16FA86BD-1860-4BF3-BA6F-5DD2745A455F}.Debug|x86.Build.0 = Debug|Win32
		{16FA86BD-1860-4BF3-BA6F-5DD2745A455F}.Release|x64.ActiveCfg = Release|x64
		{16FA86BD-1860-4BF3-BA6F-5DD2745A455F}.Release|x64.Build.0 = Release|x64
		{16FA86BD-1860-4BF3-BA6F-5DD2745A455F}.Release|x86.ActiveCfg = Release|Win32
		{16FA86BD-1860-4BF3-BA6F-5DD2745A455F}.Release|x86.Build.0 = Release|Win32
		{F7DACE26-7E52-442B-8B0E-5404AF29B7A5}.Debug|x64.ActiveCfg = Debug|x64
		{F7DACE26-7E52-442B-8B0E-5404AF29B7A5}.Debug|x64.Build.0 = Debug|x64
		{F7DACE26-7E52-442B-8B0E-5404AF29B7A5}.Debug|x86.ActiveCfg = Debug|Win32
		{F7DACE26-7E52-442B-8B0E-5404AF29B7A5}.Debug|x86.Build.0 = Debug|Win32
		{F7DACE26-7E52-442B-8B0E-5404AF29B7A5}.Release|x64.ActiveCfg = Release|x64
		{F7DACE26-7E52-442B-8B0E-5404AF29B7A5}.Release|x64.Build.0 = Release|x64
		{F7DACE26-7E52-442B-8B0E-5404AF29B7A5}.Release|x86.ActiveCfg = Release|Win32
		{F7DACE26-7E52-442B-8B0E-5404AF29B7A5}.Release|x86.Build.0 = Release|Win32
		{DE4994C9-1448-4CAF-A25B-03393FA35F65}.Debug|x64.ActiveCfg = Debug|x64
		{DE4994C9-1448-4CAF-A25B-03393FA35F65}.Debug|x64.Build.0 = Debug|x64
		{DE4994C9-1448-4CAF-A25B-03393FA35F65}.Debug|x86.ActiveCfg = Debug|Win32
		{DE4994C9-1448-4CAF-A25B-03393FA35F65}.Debug|x86.Build.0 = Debug|Win32
		{DE4994C9-1448-4CAF-A25B-03393FA35F65}.Release|x64.ActiveCfg = Release|x64
		{DE4994C9-1448-4CAF-A25B-03393FA35F65}.Release|x64.Build.0 = Release|x64
		{DE4994C9-1448-4CAF-A25B-03393FA35F65}.Release|x86.ActiveCfg = Release|Win32
		{DE4994C9-1448-4CAF-A25B-03393FA35F65}.Release|x86.Build.0 = Release|Win32
		{947FDDAA-57B7-4636-B6B1-621AF2A4BFCB}.Debug|x64.ActiveCfg = Debug|x64
		{947FDDAA-57B7-4636-B6B1-621AF2A4BFCB}.Debug|x64.Build.0 = Debug|x64
		{947FDDAA-57B7-4636-B6B1-621AF2A4BFCB}.Debug|x86.ActiveCfg = Debug|Win32
		{947FDDAA-57B7-4636-B6B1-621AF2A4BFCB}.Debug|x86.Build.0 = Debug|Win32
		{947FDDAA-57B7-4636-B6B1-621AF2A4BFCB}.Release|x64.ActiveCfg = Release|x64
		{947FDDAA-57B7-4636-B6B1-621AF2A4BFCB}.Release|x64.Build.0 = Release|x64
		{947FDDAA-57B7-4636-B6B1-621AF2A4BFCB}.Release|x86.ActiveCfg = Release|Win32
		{947FDDAA-57B7-4636-B6B1-621AF2A4BFCB}.Release|x86.Build.0 = Release|Win32
		{B0059A0F-B421-4BBB-8854-BD4FA60D2229}.Debug|x64.ActiveCfg = Debug|x64
		{B0059A0F-B421-4BBB-8854-BD4FA60D2229}.Debug|x64.Build.0 = Debug|x64
		{B0059A0F-B421-4BBB-8854-BD4FA60D2229}.Debug|x86.ActiveCfg = Debug|Win32
		{B0059A0F-B421-4BBB-8854-BD4FA60D2229}.Debug|x86.Build.0 = Debug|Win32
		{B0059A0F-B421-4BBB-8854-BD4FA60D2229}.Release|x64.ActiveCfg = Release|x64
		{B0059A0F-B421-4BBB-8854-BD4FA60D2229}.Release|x64.Build.0 = Release|x64
		{B0059A0F-B421-4BBB-8854-BD4FA60D2229}.Release|x86.ActiveCfg = Release|Win32
		{B0059A0F-B421-4BBB-8854-BD4FA60D2229}.Release|x86.Build.0 = Release|Win32
		{3B6510A3-236C-485E-8783-51CD01E70498}.Debug|x64.ActiveCfg = Debug|x64
		{3B6510A3-236C-485E-8783-51CD01E70498}.Debug|x64.Build.0 = Debug|x64
		{3B6510A3-236C-485E-8783-51CD01E70498}.Debug|x86.ActiveCfg = Debug|Win32
		{3B6510A3-236C-485E-8783-51CD01E70498}.Debug|x86.Build.0 = Debug|Win32
		{3B6510A3-236C-485E-8783-51CD01E70498}.Release|x64.ActiveCfg = Release|x64
		{3B6510A3-236C-485E-8783-51CD01E70498}.Release|x64.Build.0 = Release|x64
		{3B6510A3-236C-485E-8783-51CD01E70498}.Release|x86.ActiveCfg = Release|Win32
		{3B6510A3-236C-485E-8783-51CD01E70498}.Release|x86.Build.0 = Release|Win32
		{F5212B69-1FEC-4526-8884-E02E1654B271}.Debug|x64.ActiveCfg = Debug|x64
		{F5212B69-1FEC-4526-8884-E02E1654B271}.Debug|x64.Build.0 = Debug|x64
		{F5212B69-1FEC-4526-8884-E02E1654B271}.Debug|x86.ActiveCfg = Debug|Win32
		{F5212B69-1FEC-4526-8884-E02E1654B271}.Debug|x86.Build.0 = Debug|Win32
		{F5212B69-1FEC-4526-8884-E02E1654B271}.Release|x64.ActiveCfg = Release|x64
		{F5212B69-1FEC-4526-8884-E02E1654B271}.Release|x64.Build.0 = Release|x64
		{F5212B69-1FEC-4526-8884-E02E1654B271}.Release|x86.ActiveCfg = Release|Win32
		{F5212B69-1FEC-4526-8884-E02E1654B271}.Release|x86.Build.0 = Release|Win32
		{28385ABF-A1A5-40B4-BB54-CAC176D045CB}.Debug|x64.ActiveCfg = Debug|x64
		{28385ABF-A1A5-40B4-BB54-CAC176D045CB}.Debug|x64.Build.0 = Debug|x64
		{28385ABF-A1A5-40B4-BB54-CAC176D045CB}.Debug|x86.ActiveCfg = Debug|Win32
		{28385ABF-A1A5-40B4-BB54-CAC176D045CB}.Debug|x86.Build.0 = Debug|Win32
		{28385ABF-A1A5-40B4-BB54-CAC176D045CB}.Release|x64.ActiveCfg = Release|x64
		{28385ABF-A1A5-40B4-BB54-CAC176D045CB}.Release|x64.Build.0 = Release|x64
		{28385ABF-A1A5-40B4-BB54-CAC176D045CB}.Release|x86.ActiveCfg = Release|Win32
		{28385ABF-A1A5-40B4-BB54-CAC176D045CB}.Release|x86.Build.0 = Release|Win32
		{99880924-6A44-4EB5-BEAD-96F77831AED5}.Debug|x64.ActiveCfg = Debug|x64
		{99880924-6A44-4EB5-BEAD-96F77831AED5}.Debug|x64.Build.0 = Debug|x64
		{99880924-6A44-4EB5-BEAD-96F77831AED5}.Debug|x86.ActiveCfg = Debug|Win32
		{99880924-6A44-4EB5-BEAD-96F77831AED5}.Debug|x86.Build.0 = Debug|Win32
		{99880924-6A44-4EB5-BEAD-96F77831AED5}.Release|x64.ActiveCfg = Release|x64
		{99880924-6A44-4EB5-BEAD-96F77831AED5}.Release|x64.Build.0 = Release|x64
		{99880924-6A44-4EB5-BEAD-96F77831AED5}.Release|x86.ActiveCfg = Release|Win32
		{99880924-6A44-4EB5-BEAD-96F77831AED5}.Release|x86.Build.0 = Release|Win32
		{54BDA0BB-9E56-4C74-8C0C-722B441EFE94}.Debug|x64.ActiveCfg = Debug|x64
		{54BDA0BB-9E56-4C74-8C0C-722B441EFE94}.Debug|x64.Build.0 = Debug|x64
		{54BDA0BB-9E56-4C74-8C0C-722B441EFE94}.Debug|x86.ActiveCfg = Debug|Win32
		{54BDA0BB-9E56-4C74-8C0C-722B441EFE94}.Debug|x86.Build.0 = Debug|Win32
		{54BDA0BB-9E56-4C74-8C0C-722B441EFE94}.Release|x64.ActiveCfg = Release|x64
		{54BDA0BB-9E56-4C74-8C0C-722B441EFE94}.Release|x64.Build.0 = Release|x64
		{54BDA0BB-9E56-4C74-8C0C-722B441EFE94}.Release|x86.ActiveCfg = Release|Win32
		{54BDA0BB-9E56-4C74-8C0C-722B441EFE94}.Release|x86.Build.0 = Release|Win32
		{7EF13834-C717-4F45-A12E-37FD8B2DAD48}.Debug|x64.ActiveCfg = Debug|x64
		{7EF13834-C717-4F45-A12E-37FD8B2DAD48}.Debug|x64.Build.0 = Debug|x64
		{7EF13834-C717-4F45-A12E-37FD8B2DAD48}.Debug|x86.ActiveCfg = Debug|Win32
		{7EF13834-C717-4F45-A12E-37FD8B2DAD48}.Debug|x86.Build.0 = Debug|Win32
		{7EF13834-C717-4F45-A12E-37FD8B2DAD48}.Release|x64.ActiveCfg = Release|x64
		{7EF13834-C717-4F45-A12E-37FD8B2DAD48}.Release|x64.Build.0 = Release|x64
		{7EF13834-C717-4F45-A12E-37FD8B2DAD48}.Release|x86.ActiveCfg = Release|Win32
		{7EF13834-C717-4F45-A12E-37FD8B2DAD48}.Release|x86.Build.0 = Release|Win32
		{A6D392A6-85CA-4ABC-AE95-02D054BE763F}.Debug|x64.ActiveCfg = Debug|x64
		{A6D392A6-85CA-4ABC-AE95-02D054BE763F}.Debug|x64.Build.0 = Debug|x64
		{A6D392A6-85CA-4ABC-AE95-02D054BE763F}.Debug|x86.ActiveCfg = Debug|Win32
		{A6D392A6-85CA-4ABC-AE95-02D054BE763F}.Debug|x86.Build.0 = Debug|Win32
		{A6D392A6-85CA-4ABC-AE95-02D054BE763F}.Release|x64.ActiveCfg = Release|x64
		{A6D392A6-85CA-4ABC-AE95-02D054BE763F}.Release|x64.Build.0 = Release|x64
		{A6D392A6-85CA-4ABC-AE95-02D054BE763F}.Release|x86.ActiveCfg = Release|Win32
		{A6D392A6-85CA-4ABC-AE95-02D054BE763F}.Release|x86.Build.0 = Release|Win32
		{3BD6EE30-FBAB-4D46-8D6F-41A45568B75B}.Debug|x64.ActiveCfg = Debug|x64
		{3BD6EE30-FBAB-4D46-8D6F-41A45568B75B}.Debug|x64.Build.0 = Debug|x64
		{3BD6EE30-FBAB-4D46-8D6F-41A45568B75B}.Debug|x86.ActiveCfg = Debug|Win32
		{3BD6EE30-FBAB-4D46-8D6F-41A45568B75B}.Debug|x86.Build.0 = Debug|Win32
		{3BD6EE30-FBAB-4D46-8D6F-41A45568B75B}.Release|x64.ActiveCfg = Release|x64
		{3BD6EE30-FBAB-4D46-8D6F-41A45568B75B}.Release|x64.Build.0 = Release|x64
		{3BD6EE30-FBAB-4D46-8D6F-41A45568B75B}.Release|x86.ActiveCfg = Release|Win32
		{3BD6EE30-FBAB-4D46-8D6F-41A45568B75B}.Release|x86.Build.0 = Release|Win32
		{D21DBF3F-84C9-4FBA-B431-BEBF158435AE}.Debug|x64.ActiveCfg = Debug|x64
		{D21DBF3F-84C9-4FBA-B431-BEBF158435AE}.Debug|x64.Build.0 = Debug|x64
		{D21DBF3F-84C9-4FBA-B431-BEBF158435AE}.Debug|x86.ActiveCfg = Debug|Win32
		{D21DBF3F-84C9-4FBA-B431-BEBF158435AE}.Debug|x86.Build.0 = Debug|Win32
		{D21DBF3F-84C9-4FBA-B431-BEBF158435AE}.Release|x64.ActiveCfg = Release|x64
		{D21DBF3F-84C9-4FBA-B431-BEBF158435AE}.Release|x64.Build.0 = Release|x64
		{D21DBF3F-84C9-4FBA-B431-BEBF158435AE}.Release|x86.ActiveCfg = Release|Win32
		{D21DBF3F-84C9-4FBA-B431-BEBF158435AE}.Release|x86.Build.0 = Release|Win32
		{16E56D10-6209-4ABF-B3EB-5927445EAB1C}.Debug|x64.ActiveCfg = Debug|x64
		{16E56D10-6209-4ABF-B3EB-5927445EAB1C}.Debug|x64.Build.0 = Debug|x64
		{16E56D10-6209-4ABF-B3EB-5927445EAB1C}.Debug|x86.ActiveCfg = Debug|Win32
		{16E56D10-6209-4ABF-B3EB-5927445EAB1C}.Debug|x86.Build.0 = Debug|Win32
		{16E56D10-6209-4ABF-B3EB-5927445EAB1C}.Release|x64.ActiveCfg = Release|x64
		{16E56D10-6209-4ABF-B3EB-5927445EAB1C}.Release|x64.Build.0 = Release|x64
		{16E56D10-6209-4ABF-B3EB-5927445EAB1C}.Release|x86.ActiveCfg = Release|Win32
		{16E56D10-6209-4ABF-B3EB-5927445EAB1C}.Release|x86.Build.0 = Release|Win32
		{C2B966B9-435C-477B-9ECC-287621504AEB}.Debug|x64.ActiveCfg = Debug|x64
		{C2B966B9-435C-477B-9ECC-287621504AEB}.Debug|x64.Build.0 = Debug|x64
		{C2B966B9-435C-477B-9ECC-287621504AEB}.Debug|x86.ActiveCfg = Debug|Win32
		{C2B966B9-435C-477B-9ECC-287621504AEB}.Debug|x86.Build.0 = Debug|Win32
		{C2B966B9-435C-477B-9ECC-287621504AEB}.Release|x64.ActiveCfg = Release|x64
		{C2B966B9-435C-477B-9ECC-287621504AEB}.Release|x64.Build.0 = Release|x64
		{C2B966B9-435C-477B-9ECC-287621504AEB}.Release|x86.ActiveCfg = Release|Win32
		{C2B966B9-435C-477B-9ECC-287621504AEB}.Release|x86.Build.0 = Release|Win32
		{55A204E5-8628-4C79-BB82-557CDC2A1FFA}.Debug|x64.ActiveCfg = Debug|x64
		{55A204E5-8628-4C79-BB82-557CDC2A1FFA}.Debug|x64.Build.0 = Debug|x64
		{55A204E5-8628-4C79-BB82-557CDC2A1FFA}.Debug|x86.ActiveCfg = Debug|Win32
		{55A204E5-8628-4C79-BB82-557CDC2A1FFA}.Debug|x86.Build.0 = Debug|Win32
		{55A204E5-8628-4C79-BB82-557CDC2A1FFA}.Release|x64.ActiveCfg = Release|x64
		{55A204E5-8628-4C79-BB82-557CDC2A1FFA}.Release|x64.Build.0 = Release|x64
		{55A204E5-8628-4C79-BB82-557CDC2A1FFA}.Release|x86.ActiveCfg = Release|Win32
		{55A204E5-8628-4C79-BB82-557CDC2A1FFA}.Release|x86.Build.0 = Release|Win32
		{97964555-5B8D-4C72-8DB5-B62F8B052AED}.Debug|x64.ActiveCfg = Debug|x64
		{97964555-5B8D-4C72-8DB5-B62F8B052AED}.Debug|x64.Build.0 = Debug|x64
		{97964555-5B8D-4C72-8DB5-B62F8B052AED}.Debug|x86.ActiveCfg = Debug|Win32
		{97964555-5B8D-4C72-8DB5-B62F8B052AED}.Debug|x86.Build.0 = Debug|Win32
		{97964555-5B8D-4C72-8DB5-B62F8B052AED}.Release|x64.ActiveCfg = Release|x64
		{97964555-5B8D-4C72-8DB5-B62F8B052AED}.Release|x64.Build.0 = Release|x64
		{97964555-5B8D-4C72-8DB5-B62F8B052AED}.Release|x86.ActiveCfg = Release|Win32
		{97964555-5B8D-4C72-8DB5-B62F8B052AED}.Release|x86.Build.0 = Release|Win32
		{79763024-50E5-4FC5-859A-65D8D92E0108}.Debug|x64.ActiveCfg = Debug|x64
		{79763024-50E5-4FC5-859A-65D8D92E0108}.Debug|x64.Build.0 = Debug|x64
		{79763024-50E5-4FC5-859A-65D8D92E0108}.Debug|x86.ActiveCfg = Debug|Win32
		{79763024-50E5-4FC5-859A-65D8D92E0108}.Debug|x86.Build.0 = Debug|Win32
		{79763024-50E5-4FC5-859A-65D8D92E0108}.Release|x64.ActiveCfg = Release|x64
		{79763024-50E5-4FC5-859A-65D8D92E0108}.Release|x64.Build.0 = Release|x64
		{79763024-50E5-4FC5-859A-65D8D92E0108}.Release|x86.ActiveCfg = Release|Win32
		{79763024-50E5-4FC5-859A-65D8D92E0108}.Release|x86.Build.0 = Release|Win32
		{32FA807F-0452-4E75-BF7D-41E3E586BFDA}.Debug|x64.ActiveCfg = Debug|x64
		{32FA807F-0452-4E75-BF7D-41E3E586BFDA}.Debug|x64.Build.0 = Debug|x64
		{32FA807F-0452-4E75-BF7D-41E3E586BFDA}.Debug|x86.ActiveCfg = Debug|Win32
		{32FA807F-0452-4E75-BF7D-41E3E586BFDA}.Debug|x86.Build.0 = Debug|Win32
		{32FA807F-0452-4E75-BF7D-41E3E586BFDA}.Release|x64.ActiveCfg = Release|x64
		{32FA807F-0452-4E75-BF7D-41E3E586BFDA}.Release|x64.Build.0 = Release|x64
		{32FA807F-0452-4E75-BF7D-41E3E586BFDA}.Release|x86.ActiveCfg = Release|Win32
		{32FA807F-0452-4E75-BF7D-41E3E586BFDA}.Release|x86.Build.0 = Release|Win32
		{4E7C8012-91BB-4CBC-A5D2-99F8A680547B}.Debug|x64.ActiveCfg = Debug|x64
		{4E7C8012-91BB-4CBC-A5D2-99F8A680547B}.Debug|x64.Build.0 = Debug|x64
		{4E7C8012-91BB-4CBC-A5D2-99F8A680547B}.Debug|x86.ActiveCfg = Debug|Win32
		{4E7C8012-91BB-4CBC-A5D2-99F8A680547B}.Debug|x86.Build.0 = Debug|Win32
		{4E7C8012-91BB-4CBC-A5D2-99F8A680547B}.Release|x64.ActiveCfg = Release|x64
		{4E7C8012-91BB-4CBC-A5D2-99F8A680547B}.Release|x64.Build.0 = Release|x64
		{4E7C8012-91BB-4CBC-A5D2-99F8A680547B}.Release|x86.ActiveCfg = Release|Win32
		{4E7C8012-91BB-4CBC-A5D2-99F8A680547B}.Release|x86.Build.0 = Release|Win32
		{FCC3E27D-A185-43B5-8609-05375D2848B4}.Debug|x64.ActiveCfg = Debug|x64
		{FCC3E27D-A185-43B5-8609-05375D2848B4}.Debug|x64.Build.0 = Debug|x64
		{FCC3E27D-A185-43B5-8609-05375D2848B4}.Debug|x86.ActiveCfg = Debug|Win32
		{FCC3E27D-A185-43B5-8609-05375D2848B4}.Debug|x86.Build.0 = Debug|Win32
		{FCC3E27D-A185-43B5-8609-05375D2848B4}.Release|x64.ActiveCfg = Release|x64
		{FCC3E27D-A185-43B5-8609-05375D2848B4}.Release|x64.Build.0 = Release|x64
		{FCC3E27D-A185-43B5-8609-05375D2848B4}.Release|x86.ActiveCfg = Release|Win32
		{FCC3E27D-A185-43B5-8609-05375D2848B4}.Release|x86.Build.0 = Release|Win32
		{D4AB98BE-A476-4280-AFB2-FBAE1FEA0BFE}.Debug|x64.ActiveCfg = Debug|x64
		{D4AB98BE-A476-4280-AFB2-FBAE1FEA0BFE}.Debug|x64.Build.0 = Debug|x64
		{D4AB98BE-A476-4280-AFB2-FBAE1FEA0BFE}.Debug|x86.ActiveCfg = Debug|Win32
		{D4AB98BE-A476-4280-AFB2-FBAE1FEA0BFE}.Debug|x86.Build.0 = Debug|Win32
		{D4AB98BE-A476-4280-AFB2-FBAE1FEA0BFE}.Release|x64.ActiveCfg = Release|x64
		{D4AB98BE-A476-4280-AFB2-FBAE1FEA0BFE}.Release|x64.Build.0 = Release|x64
		{D4AB98BE-A476-4280-AFB2-FBAE1FEA0BFE}.Release|x86.ActiveCfg = Release|Win32
		{D4AB98BE-A476-4280-AFB2-FBAE1FEA0BFE}.Release|x86.Build.0 = Release|Win32
		{2BB03F4B-81F0-4DDF-81DB-09DE28AC187B}.Debug|x64.ActiveCfg = Debug|x64
		{2BB03F4B-81F0-4DDF-81DB-09DE28AC187B}.Debug|x64.Build.0 = Debug|x64
		{2BB03F4B-81F0-4DDF-81DB-09DE28AC187B}.Debug|x86.ActiveCfg = Debug|Win32
		{2BB03F4B-81F0-4DDF-81DB-09DE28AC187B}.Debug|x86.Build.0 = Debug|Win32
		{2BB03F4B-81F0-4DDF-81DB-09DE28AC187B}.Release|x64.ActiveCfg = Release|x64
		{2BB03F4B-81F0-4DDF-81DB-09DE28AC187B}.Release|x64.Build.0 = Release|x64
		{2BB03F4B-81F0-4DDF-81DB-09DE28AC187B}.Release|x86.ActiveCfg = Release|Win32
		{2BB03F4B-81F0-4DDF-81DB-09DE28AC187B}.Release|x86.Build.0 = Release|Win32
		{B7ACE0BF-9875-4420-B7C8-CE56B1126081}.Debug|x64.ActiveCfg = Debug|x64
		{B7ACE0BF-9875-4420-B7C8-CE56B1126081}.Debug|x64.Build.0 = Debug|x64
		{B7ACE0BF-9875-4420-B7C8-CE56B1126081}.Debug|x86.ActiveCfg = Debug|Win32
		{B7ACE0BF-9875-4420-B7C8-CE56B1126081}.Debug|x86.Build.0 = Debug|Win32
		{B7ACE0BF-9875-4420-B7C8-CE56B1126081}.Release|x64.ActiveCfg = Release|x64
		{B7ACE0BF-9875-4420-B7C8-CE56B1126081}.Release|x64.Build.0 = Release|x64
		{B7ACE0BF-9875-4420-B7C8-CE56B1126081}.Release|x86.ActiveCfg = Release|Win32
		{B7ACE0BF-9875-4420-B7C8-CE56B1126081}.Release|x86.Build.0 = Release|Win32
		{434A3CCF-C5B5-4AC0-BA88-9FB9148A07F8}.Debug|x64.ActiveCfg = Debug|x64
		{434A3CCF-C5B5-4AC0-BA88-9FB9148A07F8}.Debug|x64.Build.0 = Debug|x64
		{434A3CCF-C5B5-4AC0-BA88-9FB9148A07F8}.Debug|x86.ActiveCfg = Debug|Win32
		{434A3CCF-C5B5-4AC0-BA88-9FB9148A07F8}.Debug|x86.Build.0 = Debug|Win32
		{434A3CCF-C5B5-4AC0-BA88-9FB9148A07F8}.Release|x64.ActiveCfg = Release|x64
		{434A3CCF-C5B5-4AC0-BA88-9FB9148A07F8}.Release|x64.Build.0 = Release|x64
		{434A3CCF-C5B5-4AC0-BA88-9FB9148A07F8}.Release|x86.ActiveCfg = Release|Win32
		{434A3CCF-C5B5-4AC0-BA88-9FB9148A07F8}.Release|x86.Build.0 = Release|Win32
		{DB384579-C11A-4EFB-BCD9-3D0AA88C6408}.Debug|x64.ActiveCfg = Debug|x64
		{DB384579-C11A-4EFB-BCD9-3D0AA88C6408}.Debug|x64.Build.0 = Debug|x64
		{DB384579-C11A-4EFB-BCD9-3D0AA88C6408}.Debug|x86.ActiveCfg = Debug|Win32
		{DB384579-C11A-4EFB-BCD9-3D0AA88C6408}.Debug|x86.Build.0 = Debug|Win32
		{DB384579-C11A-4EFB-BCD9-3D0AA88C6408}.Release|x64.ActiveCfg = Release|x64
		{DB384579-C11A-4EFB-BCD9-3D0AA88C6408}.Release|x64.Build.0 = Release|x64
		{DB384579-C11A-4EFB-BCD9-3D0AA88C6408}.Release|x86.ActiveCfg = Release|Win32
		{DB384579-C11A-4EFB-BCD9-3D0AA88C6408}.Release|x86.Build.0 = Release|Win32
		{C8C53211-4299-4EDD-9CA6-BEF0D885E3E6}.Debug|x64.ActiveCfg = Debug|x64
		{C8C53211-4299-4EDD-9CA6-BEF0D885E3E6}.Debug|x64.Build.0 = Debug|x64
		{C8C53211-4299-4EDD-9CA6-BEF0D885E3E6}.Debug|x86.ActiveCfg = Debug|Win32
		{C8C53211-4299-4EDD-9CA6-BEF0D885E3E6}.Debug|x86.Build.0 = Debug|Win32
		{C8C53211-4299-4EDD-9CA6-BEF0D885E3E6}.Release|x64.ActiveCfg = Release|x64
		{C8C53211-4299-4EDD-9CA6-BEF0D885E3E6}.Release|x64.Build.0 = Release|x64
		{C8C53211-4299-4EDD-9CA6-BEF0D885E3E6}.Release|x86.ActiveCfg = Release|Win32
		{C8C53211-4299-4EDD-9CA6-BEF0D885E3E6}.Release|x86.Build.0 = Release|Win32
		{CF005C3F-284C-4E41-93F9-8E66E098E9AC}.Debug|x64.ActiveCfg = Debug|x64
		{CF005C3F-284C-4E41-93F9-8E66E098E9AC}.Debug|x64.Build.0 = Debug|x64
		{CF005C3F-284C-4E41-93F9-8E66E098E9AC}.Debug|x86.ActiveCfg = Debug|Win32
		{CF005C3F-284C-4E41-93F9-8E66E098E9AC}.Debug|x86.Build.0 = Debug|Win32
		{CF005C3F-284C-4E41-93F9-8E66E098E9AC}.Release|x64.ActiveCfg = Release|x64
		{CF005C3F-284C-4E41-93F9-8E66E098E9AC}.Release|x64.Build.0 = Release|x64
		{CF005C3F-284C-4E41-93F9-8E66E098E9AC}.Release|x86.ActiveCfg = Release|Win32
		{CF005C3F-284C-4E41-93F9-8E66E098E9AC}.Release|x86.Build.0 = Release|Win32
		{1819FB3D-9C16-43F3-BD70-E278266879AD}.Debug|x64.ActiveCfg = Debug|x64
		{1819FB3D-9C16-43F3-BD70-E278266879AD}.Debug|x64.Build.0 = Debug|x64
		{1819FB3D-9C16-43F3-BD70-E278266879AD}.Debug|x86.ActiveCfg = Debug|Win32
		{1819FB3D-9C16-43F3-BD70-E278266879AD}.Debug|x86.Build.0 = Debug|Win32
		{1819FB3D-9C16-43F3-BD70-E278266879AD}.Release|x64.ActiveCfg = Release|x64
		{1819FB3D-9C16-43F3-BD70-E278266879AD}.Release|x64.Build.0 = Release|x64
		{1819FB3D-9C16-43F3-BD70-E278266879AD}.Release|x86.ActiveCfg = Release|Win32
		{1819FB3D-9C16-43F3-BD70-E278266879AD}.Release|x86.Build.0 = Release|Win32
		{E7DACC9C-E01E-4480-B269-36C53E5E8BD3}.Debug|x64.ActiveCfg = Debug|x64
		{E7DACC9C-E01E-4480-B269-36C53E5E8BD3}.Debug|x64.Build.0 = Debug|x64
		{E7DACC9C-E01E-4480-B269-36C53E5E8BD3}.Debug|x86.ActiveCfg = Debug|Win32
		{E7DACC9C-E01E-4480-B269-36C53E5E8BD3}.Debug|x86.Build.0 = Debug|Win32
		{E7DACC9C-E01E-4480-B269-36C53E5E8BD3}.Release|x64.ActiveCfg = Release|x64
		{E7DACC9C-E01E-4480-B269-36C53E5E8BD3}.Release|x64.Build.0 = Release|x64
		{E7DACC9C-E01E-4480-B269-36C53E5E8BD3}.Release|x86.ActiveCfg = Release|Win32
		{E7DACC9C-E01E-4480-B269-36C53E5E8BD3}.Release|x86.Build.0 = Release|Win32
		{F1C38CB4-5249-4CD9-8967-D4E4B3EAFC2A}.Debug|x64.ActiveCfg = Debug|x64
		{F1C38CB4-5249-4CD9-8967-D4E4B3EAFC2A}.Debug|x64.Build.0 = Debug|x64
		{F1C38CB4-5249-4CD9-8967-D4E4B3EAFC2A}.Debug|x86.ActiveCfg = Debug|Win32
		{F1C38CB4-5249-4CD9-8967-D4E4B3EAFC2A}.Debug|x86.Build.0 = Debug|Win32
		{F1C38CB4-5249-4CD9-8967-D4E4B3EAFC2A}.Release|x64.ActiveCfg = Release|x64
		{F1C38CB4-5249-4CD9-8967-D4E4B3EAFC2A}.Release|x64.Build.0 = Release|x64
		{F1C38CB4-5249-4CD9-8967-D4E4B3EAFC2A}.Release|x86.ActiveCfg = Release|Win32
		{F1C38CB4-5249-4CD9-8967-D4E4B3EAFC2A}.Release|x86.Build.0 = Release|Win32
		{03CEFF8C-A051-4198-8431-3B508AA46B2F}.Debug|x64.ActiveCfg = Debug|x64
		{03CEFF8C-A051-4198-8431-3B508AA46B2F}.Debug|x64.Build.0 = Debug|x64
		{03CEFF8C-A051-4198-8431-3B508AA46B2F}.Debug|x86.ActiveCfg = Debug|Win32
		{03CEFF8C-A051-4198-8431-3B508AA46B2F}.Debug|x86.Build.0 = Debug|Win32
		{03CEFF8C-A051-4198-8431-3B508AA46B2F}.Release|x64.ActiveCfg = Release|x64
		{03CEFF8C-A051-4198-8431-3B508AA46B2F}.Release|x64.Build.0 = Release|x64
		{03CEFF8C-A051-4198-8431-3B508AA46B2F}.Release|x86.ActiveCfg = Release|Win32
		{03CEFF8C-A051-4198-8431-3B508AA46B2F}.Release|x86.Build.0 = Release|Win32
		{0AFC124B-8318-4A52-9BAD-4CE15F21DC27}.Debug|x64.ActiveCfg = Debug|x64
		{0AFC124B-8318-4A52-9BAD-4CE15F21DC27}.Debug|x64.Build.0 = Debug|x64
		{0AFC124B-8318-4A52-9BAD-4CE15F21DC27}.Debug|x86.ActiveCfg = Debug|Win32
		{0AFC124B-8318-4A52-9BAD-4CE15F21DC27}.Debug|x86.Build.0 = Debug|Win32
		{0AFC124B-8318-4A52-9BAD-4CE15F21DC27}.Release|x64.ActiveCfg = Release|x64
		{0AFC124B-8318-4A52-9BAD-4CE15F21DC27}.Release|x64.Build.0 = Release|x64
		{0AFC124B-8318-4A52-9BAD-4CE15F21DC27}.Release|x86.ActiveCfg = Release|Win32
		{0AFC124B-8318-4A52-9BAD-4CE15F21DC27}.Release|x86.Build.0 = Release|Win32
		{8043BAAE-0293-4F88-A1DD-4D629E3911C7}.Debug|x64.ActiveCfg = Debug|x64
		{8043BAAE-0293-4F88-A1DD-4D629E3911C7}.Debug|x64.Build.0 = Debug|x64
		{8043BAAE-0293-4F88-A1DD-4D629E3911C7}.Debug|x86.ActiveCfg = Debug|Win32
		{8043BAAE-0293-4F88-A1DD-4D629E3911C7}.Debug|x86.Build.0 = Debug|Win32
		{8043BAAE-0293-4F88-A1DD-4D629E3911C7}.Release|x64.ActiveCfg = Release|x64
		{8043BAAE-0293-4F88-A1DD-4D629E3911C7}.Release|x64.Build.0 = Release|x64
		{8043BAAE-0293-4F88-A1DD-4D629E3911C7}.Release|x86.ActiveCfg = Release|Win32
		{8043BAAE-0293-4F88-A1DD-4D629E3911C7}.Release|x86.Build.0 = Release|Win32
		{2F230968-E347-4165-9A40-719A58B08B87}.Debug|x64.ActiveCfg = Debug|x64
		{2F230968-E347-4165-9A40-719A58B08B87}.Debug|x64.Build.0 = Debug|x64
		{2F230968-E347-4165-9A40-719A58B08B87}.Debug|x86.ActiveCfg = Debug|Win32
		{2F230968-E347-4165-9A40-719A58B08B87}.Debug|x86.Build.0 = Debug|Win32
		{2F230968-E347-4165-9A40-719A58B08B87}.Release|x64.ActiveCfg = Release|x64
		{2F230968-E347-4165-9A40-719A58B08B87}.Release|x64.Build.0 = Release|x64
		{2F230968-E347-4165-9A40-719A58B08B87}.Release|x86.ActiveCfg = Release|Win32
		{2F230968-E347-4165-9A40-719A58B08B87}.Release|x86.Build.0 = Release|Win32
		{67D7DEFB-FCB0-4509-947C-1DAB0F5B0759}.Debug|x64.ActiveCfg = Debug|x64
		{67D7DEFB-FCB0-4509-947C-1DAB0F5B0759}.Debug|x64.Build.0 = Debug|x64
		{67D7DEFB-FCB0-4509-947C-1DAB0F5B0759}.Debug|x86.ActiveCfg = Debug|Win32
		{67D7DEFB-FCB0-4509-947C-1DAB0F5B0759}.Debug|x86.Build.0 = Debug|Win32
		{67D7DEFB-FCB0-4509-947C-1DAB0F5B0759}.Release|x64.ActiveCfg = Release|x64
		{67D7DEFB-FCB0-4509-947C-1DAB0F5B0759}.Release|x64.Build.0 = Release|x64
		{67D7DEFB-FCB0-4509-947C-1DAB0F5B0759}.Release|x86.ActiveCfg = Release|Win32
		{67D7DEFB-FCB0-4509-947C-1DAB0F5B0759}.Release|x86.Build.0 = Release|Win32
		{907037FC-69F9-46D4-BB12-7875E901C20A}.Debug|x64.ActiveCfg = Debug|x64
		{907037FC-69F9-46D4-BB12-7875E901C20A}.Debug|x64.Build.0 = Debug|x64
		{907037FC-69F9-46D4-BB12-7875E901C20A}.Debug|x86.ActiveCfg = Debug|Win32
		{907037FC-69F9-46D4-BB12-7875E901C20A}.Debug|x86.Build.0 = Debug|Win32
		{907037FC-69F9-46D4-BB12-7875E901C20A}.Release|x64.ActiveCfg = Release|x64
		{907037FC-69F9-46D4-BB12-7875E901C20A}.Release|x64.Build.0 = Release|x64
		{907037FC-69F9-46D4-BB12-7875E901C20A}.Release|x86.ActiveCfg = Release|Win32
		{907037FC-69F9-46D4-BB12-7875E901C20A}.Release|x86.Build.0 = Release|Win32
		{D822DB6A-F03F-4126-A36C-DAB238B74240}.Debug|x64.ActiveCfg = Debug|x64
		{D822DB6A-F03F-4126-A36C-DAB238B74240}.Debug|x64.Build.0 = Debug|x64
		{D822DB6A-F03F-4126-A36C-DAB238B74240}.Debug|x86.ActiveCfg = Debug|Win32
		{D822DB6A-F03F-4126-A36C-DAB238B74240}.Debug|x86.Build.0 = Debug|Win32
		{D822DB6A-F03F-4126-A36C-DAB238B74240}.Release|x64.ActiveCfg = Release|x64
		{D822DB6A-F03F-4126-A36C-DAB238B74240}.Release|x64.Build.0 = Release|x64
		{D822DB6A-F03F-4126-A36C-DAB238B74240}.Release|x86.ActiveCfg = Release|Win32
		{D822DB6A-F03F-4126-A36C-DAB238B74240}.Release|x86.Build.0 = Release|Win32
		{BD706ED2-1931-405F-8E75-5CE5DA036CE1}.Debug|x64.ActiveCfg = Debug|x64
		{BD706ED2-1931-405F-8E75-5CE5DA036CE1}.Debug|x64.Build.0 = Debug|x64
		{BD706ED2-1931-405F-8E75-5CE5DA036CE1}.Debug|x86.ActiveCfg = Debug|Win32
		{BD706ED2-1931-405F-8E75-5CE5DA036CE1}.Debug|x86.Build.0 = Debug|Win32
		{BD706ED2-1931-405F-8E75-5CE5DA036CE1}.Release|x64.ActiveCfg = Release|x64
		{BD706ED2-1931-405F-8E75-5CE5DA036CE1}.Release|x64.Build.0 = Release|x64
		{BD706ED2-1931-405F-8E75-5CE5DA036CE1}.Release|x86.ActiveCfg = Release|Win32
		{BD706ED2-1931-405F-8E75-5CE5DA036CE1}.Release|x86.Build.0 = Release|Win32
		{5F76054B-9C57-4EA5-906B-7ED3F166DBA7}.Debug|x64.ActiveCfg = Debug|x64
		{5F76054B-9C57-4EA5-906B-7ED3F166DBA7}.Debug|x64.Build.0 = Debug|x64
		{5F76054B-9C57-4EA5-906B-7ED3F166DBA7}.Debug|x86.ActiveCfg = Debug|Win32
		{5F76054B-9C57-4EA5-906B-7ED3F166DBA7}.Debug|x86.Build.0 = Debug|Win32
		{5F76054B-9C57-4EA5-906B-7ED3F166DBA7}.Release|x64.ActiveCfg = Release|x64
		{5F76054B-9C57-4EA5-906B-7ED3F166DBA7}.Release|x64.Build.0 = Release|x64
		{5F76054B-9C57-4EA5-906B-7ED3F166DBA7}.Release|x86.ActiveCfg = Release|Win32
		{5F76054B-9C57-4EA5-906B-7ED3F166DBA7}.Release|x86.Build.0 = Release|Win32
		{FF915EB1-2640-49CE-9DCF-0251B2244665}.Debug|x64.ActiveCfg = Debug|x64
		{FF915EB1-2640-49CE-9DCF-0251B2244665}.Debug|x64.Build.0 = Debug|x64
		{FF915EB1-2640-49CE-9DCF-0251B2244665}.Debug|x86.ActiveCfg = Debug|Win32
		{FF915EB1-2640-49CE-9DCF-0251B2244665}.Debug|x86.Build.0 = Debug|Win32
		{FF915EB1-2640-49CE-9DCF-0251B2244665}.Release|x64.ActiveCfg = Release|x64
		{FF915EB1-2640-49CE-9DCF-0251B2244665}.Release|x64.Build.0 = Release|x64
		{FF915EB1-2640-49CE-9DCF-0251B2244665}.Release|x86.ActiveCfg = Release|Win32
		{FF915EB1-2640-49CE-9DCF-0251B2244665}.Release|x86.Build.0 = Release|Win32
		{157CE924-D8DE-458E-937A-45607429DCAD}.Debug|x64.ActiveCfg = Debug|x64
		{157CE924-D8DE-458E-937A-45607429DCAD}.Debug|x64.Build.0 = Debug|x64
		{157CE924-D8DE-458E-937A-45607429DCAD}.Debug|x86.ActiveCfg = Debug|Win32
		{157CE924-D8DE-458E-937A-45607429DCAD}.Debug|x86.Build.0 = Debug|Win32
		{157CE924-D8DE-458E-937A-45607429DCAD}.Release|x64.ActiveCfg = Release|x64
		{157CE924-D8DE-458E-937A-45607429DCAD}.Release|x64.Build.0 = Release|x64
		{157CE924-D8DE-458E-937A-45607429DCAD}.Release|x86.ActiveCfg = Release|Win32
		{157CE924-D8DE-458E-937A-45607429DCAD}.Release|x86.Build.0 = Release|Win32
		{5DDDD016-F2D3-4DE0-B5D9-72E9296A76DF}.Debug|x64.ActiveCfg = Debug|x64
		{5DDDD016-F2D3-4DE0-B5D9-72E9296A76DF}.Debug|x64.Build.0 = Debug|x64
		{5DDDD016-F2D3-4DE0-B5D9-72E9296A76DF}.Debug|x86.ActiveCfg = Debug|Win32
		{5DDDD016-F2D3-4DE0-B5D9-72E9296A76DF}.Debug|x86.Build.0 = Debug|Win32
		{5DDDD016-F2D3-4DE0-B5D9-72E9296A76DF}.Release|x64.ActiveCfg = Release|x64
		{5DDDD016-F2D3-4DE0-B5D9-72E9296A76DF}.Release|x64.Build.0 = Release|x64
		{5DDDD016-F2D3-4DE0-B5D9-72E9296A76DF}.Release|x86.ActiveCfg = Release|Win32
		{5DDDD016-F2D3-4DE0-B5D9-72E9296A76DF}.Release|x86.Build.0 = Release|Win32
		{9AB0FFE5-F10E-4711-B463-0026A795CE49}.Debug|x64.ActiveCfg = Debug|x64
		{9AB0FFE5-F10E-4711-B463-0026A795CE49}.Debug|x64.Build.0 = Debug|x64
		{9AB0FFE5-F10E-4711-B463-0026A795CE49}.Debug|x86.ActiveCfg = Debug|Win32
		{9AB0FFE5-F10E-4711-B463-0026A795CE49}.Debug|x86.Build.0 = Debug|Win32
		{9AB0FFE5-F10E-4711-B463-0026A795CE49}.Release|x64.ActiveCfg = Release|x64
		{9AB0FFE5-F10E-4711-B463-0026A795CE49}.Release|x64.Build.0 = Release|x64
		{9AB0FFE5-F10E-4711-B463-0026A795CE49}.Release|x86.ActiveCfg = Release|Win32
		{9AB0FFE5-F10E-4711-B463-0026A795CE49}.Release|x86.Build.0 = Release|Win32
		{BE547709-EEDB-45D8-B5C5-260633A49EB8}.Debug|x64.ActiveCfg = Debug|x64
		{BE547709-EEDB-45D8-B5C5-260633A49EB8}.Debug|x64.Build.0 = Debug|x64
		{BE547709-EEDB-45D8-B5C5-260633A49EB8}.Debug|x86.ActiveCfg = Debug|Win32
		{BE547709-EEDB-45D8-B5C5-260633A49EB8}.Debug|x86.Build.0 = Debug|Win32
		{BE547709-EEDB-45D8-B5C5-260633A49EB8}.Release|x64.ActiveCfg = Release|x64
		{BE547709-EEDB-45D8-B5C5-260633A49EB8}.Release|x64.Build.0 = Release|x64
		{BE547709-EEDB-45D8-B5C5-260633A49EB8}.Release|x86.ActiveCfg = Release|Win32
		{BE547709-EEDB-45D8-B5C5-260633A49EB8}.Release|x86.Build.0 = Release|Win32
		{40E9AB04-5382-44D3-825F-9237C5769EFF}.Debug|x64.ActiveCfg = Debug|x64
		{40E9AB04-5382-44D3-825F-9237C5769EFF}.Debug|x64.Build.0 = Debug|x64
		{40E9AB04-5382-44D3-825F-9237C5769EFF}.Debug|x86.ActiveCfg = Debug|Win32
		{40E9AB04-5382-44D3-825F-9237C5769EFF}.Debug|x86.Build.0 = Debug|Win32
		{40E9AB04-5382-44D3-825F-9237C5769EFF}.Release|x64.ActiveCfg = Release|x64
		{40E9AB04-5382-44D3-825F-9237C5769EFF}.Release|x64.Build.0 = Release|x64
		{40E9AB04-5382-44D3-825F-9237C5769EFF}.Release|x86.ActiveCfg = Release|Win32
		{40E9AB04-5382-44D3-825F-9237C5769EFF}.Release|x86.Build.0 = Release|Win32
	EndGlobalSection
	GlobalSection(SolutionProperties) = preSolution
		HideSolutionNode = FALSE
	EndGlobalSection
EndGlobal
